
Microsoft Visual Studio Solution File, Format Version 12.00
# Visual Studio 14
VisualStudioVersion = 14.0.25420.1
MinimumVisualStudioVersion = 10.0.40219.1
Project("{2150E333-8FDC-42A3-9474-1A3956D46DE8}") = "src", "src", "{2426A622-696C-4233-8DAA-218681F9311B}"
EndProject
Project("{2150E333-8FDC-42A3-9474-1A3956D46DE8}") = "Solution Items", "Solution Items", "{2C32FA44-EDB4-4956-B717-412022E0942F}"
	ProjectSection(SolutionItems) = preProject
		global.json = global.json
	EndProjectSection
EndProject
Project("{8BB2217D-0F2D-49D1-97BC-3654ED321F3B}") = "koddelning", "src\koddelning\koddelning.xproj", "{EE5E9F82-3ECE-46DB-8FDF-02C888A4F040}"
EndProject
Global
	GlobalSection(SolutionConfigurationPlatforms) = preSolution
		Debug|Any CPU = Debug|Any CPU
		Release|Any CPU = Release|Any CPU
	EndGlobalSection
	GlobalSection(ProjectConfigurationPlatforms) = postSolution
		{EE5E9F82-3ECE-46DB-8FDF-02C888A4F040}.Debug|Any CPU.ActiveCfg = Debug|Any CPU
		{EE5E9F82-3ECE-46DB-8FDF-02C888A4F040}.Debug|Any CPU.Build.0 = Debug|Any CPU
		{EE5E9F82-3ECE-46DB-8FDF-02C888A4F040}.Release|Any CPU.ActiveCfg = Release|Any CPU
		{EE5E9F82-3ECE-46DB-8FDF-02C888A4F040}.Release|Any CPU.Build.0 = Release|Any CPU
	EndGlobalSection
	GlobalSection(SolutionProperties) = preSolution
		HideSolutionNode = FALSE
	EndGlobalSection
	GlobalSection(NestedProjects) = preSolution
		{EE5E9F82-3ECE-46DB-8FDF-02C888A4F040} = {2426A622-696C-4233-8DAA-218681F9311B}
	EndGlobalSection
EndGlobal
